
Microsoft Visual Studio Solution File, Format Version 12.00
# Visual Studio Version 17
VisualStudioVersion = 17.0.31903.59
MinimumVisualStudioVersion = 10.0.40219.1
Project("{2150E333-8FDC-42A3-9474-1A3956D46DE8}") = "src", "src", "{8F58FE54-8FF5-4B05-810A-DBE1F4B1B32A}"
EndProject
Project("{2150E333-8FDC-42A3-9474-1A3956D46DE8}") = "tests", "tests", "{FBC5252F-5936-420A-805D-53D3CA65363A}"
EndProject
Project("{9A19103F-16F7-4668-BE54-9A1E7A4F7556}") = "IMS.Domain", "src\IMS.Domain\IMS.Domain.csproj", "{1701B6F2-8B8F-44B8-A583-385FDA5719AD}"
EndProject
Project("{9A19103F-16F7-4668-BE54-9A1E7A4F7556}") = "IMS.Application", "src\IMS.Application\IMS.Application.csproj", "{B721B367-98F8-4C9C-BB46-5FF724A98F24}"
EndProject
Project("{9A19103F-16F7-4668-BE54-9A1E7A4F7556}") = "IMS.Infrastructure", "src\IMS.Infrastructure\IMS.Infrastructure.csproj", "{F1A2E036-8CBF-4513-A4A7-EB14CD22A77A}"
EndProject
Project("{9A19103F-16F7-4668-BE54-9A1E7A4F7556}") = "IMS.Api", "src\IMS.Api\IMS.Api.csproj", "{5ADFBE23-9606-48BC-A68E-368ECF2389BB}"
EndProject
Global
	GlobalSection(SolutionConfigurationPlatforms) = preSolution
		Debug|Any CPU = Debug|Any CPU
		Release|Any CPU = Release|Any CPU
	EndGlobalSection
	GlobalSection(ProjectConfigurationPlatforms) = postSolution
		{1701B6F2-8B8F-44B8-A583-385FDA5719AD}.Debug|Any CPU.ActiveCfg = Debug|Any CPU
		{1701B6F2-8B8F-44B8-A583-385FDA5719AD}.Debug|Any CPU.Build.0 = Debug|Any CPU
		{1701B6F2-8B8F-44B8-A583-385FDA5719AD}.Release|Any CPU.ActiveCfg = Release|Any CPU
		{1701B6F2-8B8F-44B8-A583-385FDA5719AD}.Release|Any CPU.Build.0 = Release|Any CPU
		{B721B367-98F8-4C9C-BB46-5FF724A98F24}.Debug|Any CPU.ActiveCfg = Debug|Any CPU
		{B721B367-98F8-4C9C-BB46-5FF724A98F24}.Debug|Any CPU.Build.0 = Debug|Any CPU
		{B721B367-98F8-4C9C-BB46-5FF724A98F24}.Release|Any CPU.ActiveCfg = Release|Any CPU
		{B721B367-98F8-4C9C-BB46-5FF724A98F24}.Release|Any CPU.Build.0 = Release|Any CPU
		{F1A2E036-8CBF-4513-A4A7-EB14CD22A77A}.Debug|Any CPU.ActiveCfg = Debug|Any CPU
		{F1A2E036-8CBF-4513-A4A7-EB14CD22A77A}.Debug|Any CPU.Build.0 = Debug|Any CPU
		{F1A2E036-8CBF-4513-A4A7-EB14CD22A77A}.Release|Any CPU.ActiveCfg = Release|Any CPU
		{F1A2E036-8CBF-4513-A4A7-EB14CD22A77A}.Release|Any CPU.Build.0 = Release|Any CPU
		{5ADFBE23-9606-48BC-A68E-368ECF2389BB}.Debug|Any CPU.ActiveCfg = Debug|Any CPU
		{5ADFBE23-9606-48BC-A68E-368ECF2389BB}.Debug|Any CPU.Build.0 = Debug|Any CPU
		{5ADFBE23-9606-48BC-A68E-368ECF2389BB}.Release|Any CPU.ActiveCfg = Release|Any CPU
		{5ADFBE23-9606-48BC-A68E-368ECF2389BB}.Release|Any CPU.Build.0 = Release|Any CPU
	EndGlobalSection
	GlobalSection(SolutionProperties) = preSolution
		HideSolutionNode = FALSE
	EndGlobalSection
	GlobalSection(NestedProjects) = preSolution
		{1701B6F2-8B8F-44B8-A583-385FDA5719AD} = {8F58FE54-8FF5-4B05-810A-DBE1F4B1B32A}
		{B721B367-98F8-4C9C-BB46-5FF724A98F24} = {8F58FE54-8FF5-4B05-810A-DBE1F4B1B32A}
		{F1A2E036-8CBF-4513-A4A7-EB14CD22A77A} = {8F58FE54-8FF5-4B05-810A-DBE1F4B1B32A}
		{5ADFBE23-9606-48BC-A68E-368ECF2389BB} = {8F58FE54-8FF5-4B05-810A-DBE1F4B1B32A}
	EndGlobalSection
	GlobalSection(ExtensibilityGlobals) = postSolution
		SolutionGuid = {C2571FE2-B786-4EBD-A217-B4CF6C0F9602}
	EndGlobalSection
EndGlobal
